{
  "nodes": {
    "crane": {
      "locked": {
        "lastModified": 1734541973,
        "narHash": "sha256-1wIgLmhvtfxbJVnhFHUYhPqL3gpLn5JhiS4maaD9RRk=",
        "owner": "ipetkov",
        "repo": "crane",
        "rev": "fdd502f921936105869eba53db6593fc2a424c16",
        "type": "github"
      },
      "original": {
        "owner": "ipetkov",
        "repo": "crane",
        "type": "github"
      }
    },
    "nixpkgs": {
      "locked": {
        "lastModified": 1734323986,
        "narHash": "sha256-m/lh6hYMIWDYHCAsn81CDAiXoT3gmxXI9J987W5tZrE=",
        "owner": "NixOS",
        "repo": "nixpkgs",
        "rev": "394571358ce82dff7411395829aa6a3aad45b907",
        "type": "github"
      },
      "original": {
        "owner": "NixOS",
        "ref": "nixos-24.11",
        "repo": "nixpkgs",
        "type": "github"
      }
    },
    "root": {
      "inputs": {
        "crane": "crane",
        "nixpkgs": "nixpkgs",
        "rust-overlay": "rust-overlay"
      }
    },
    "rust-overlay": {
      "inputs": {
        "nixpkgs": [
          "nixpkgs"
        ]
      },
      "locked": {
        "lastModified": 1734489114,
        "narHash": "sha256-dKBBZr2pw7KDI/7GeiN5qPccqqtvnK2jqAMcMo4rVvU=",
        "owner": "oxalica",
        "repo": "rust-overlay",
        "rev": "b2e385f8e5c1d7c0d9ce738d650955c2e94555ae",
        "type": "github"
      },
      "original": {
        "owner": "oxalica",
        "repo": "rust-overlay",
        "type": "github"
      }
    }
  },
  "root": "root",
  "version": 7
}
